{
  "requires": true,
  "lockfileVersion": 1,
  "dependencies": {
    "@angular/core": {
      "version": "11.2.7",
      "resolved": "https://packages.atlassian.com/api/npm/npm-remote/@angular/core/-/core-11.2.7.tgz",
      "integrity": "sha1-8TKck2f5erfQV9L/xUVIIaNdx4o=",
      "requires": {
        "tslib": "^2.0.0"
      }
    },
    "tslib": {
      "version": "2.1.0",
      "resolved": "https://packages.atlassian.com/api/npm/npm-remote/tslib/-/tslib-2.1.0.tgz",
      "integrity": "sha1-2mCGDxwuyqVwOrfTm8Bba/mIuXo="
    }
  }
}
