{
  "name": "typescript-who-even-need-template-literal-types-presentation",
  "version": "1.0.0",
  "lockfileVersion": 1,
  "requires": true,
  "dependencies": {
    "@angular/core": {
      "version": "11.2.7",
      "resolved": "https://packages.atlassian.com/api/npm/npm-remote/@angular/core/-/core-11.2.7.tgz",
      "integrity": "sha1-8TKck2f5erfQV9L/xUVIIaNdx4o=",
      "dev": true,
      "requires": {
        "tslib": "^2.0.0"
      }
    },
    "@types/prop-types": {
      "version": "15.7.3",
      "resolved": "https://packages.atlassian.com/api/npm/npm-remote/@types/prop-types/-/prop-types-15.7.3.tgz",
      "integrity": "sha1-KrDV2i5YFflLC51LldHl8kOrLKc=",
      "dev": true
    },
    "@types/react": {
      "version": "17.0.3",
      "resolved": "https://packages.atlassian.com/api/npm/npm-remote/@types/react/-/react-17.0.3.tgz",
      "integrity": "sha1-um4hU2hQGsOCaVHu8pBFdMJizHk=",
      "dev": true,
      "requires": {
        "@types/prop-types": "*",
        "@types/scheduler": "*",
        "csstype": "^3.0.2"
      }
    },
    "@types/scheduler": {
      "version": "0.16.1",
      "resolved": "https://packages.atlassian.com/api/npm/npm-remote/@types/scheduler/-/scheduler-0.16.1.tgz",
      "integrity": "sha1-GIRSBehv8AOFF6q3oYpiprn3EnU=",
      "dev": true
    },
    "csstype": {
      "version": "3.0.7",
      "resolved": "https://packages.atlassian.com/api/npm/npm-remote/csstype/-/csstype-3.0.7.tgz",
      "integrity": "sha1-Kl+3XhAV6E3RVpL3HomhRQKQlQs=",
      "dev": true
    },
    "tslib": {
      "version": "2.1.0",
      "resolved": "https://packages.atlassian.com/api/npm/npm-remote/tslib/-/tslib-2.1.0.tgz",
      "integrity": "sha1-2mCGDxwuyqVwOrfTm8Bba/mIuXo=",
      "dev": true
    },
    "typescript": {
      "version": "4.2.3",
      "resolved": "https://packages.atlassian.com/api/npm/npm-remote/typescript/-/typescript-4.2.3.tgz",
      "integrity": "sha1-OQYtgBmRLUNyYpjwlJPVmASMHOM=",
      "dev": true
    }
  }
}
